// !$*UTF8*$!
{
	archiveVersion = 1;
	classes = {
	};
	objectVersion = 56;
	objects = {

/* Begin PBXBuildFile section */
		6B0000000000000000000001 /* ViceSixApp.swift in Sources */ = {isa = PBXBuildFile; fileRef = 5B0000000000000000000001 /* ViceSixApp.swift */; };
		6B0000000000000000000002 /* ContentView.swift in Sources */ = {isa = PBXBuildFile; fileRef = 5B0000000000000000000002 /* ContentView.swift */; };
		6B0000000000000000000003 /* GameScene.swift in Sources */ = {isa = PBXBuildFile; fileRef = 5B0000000000000000000003 /* GameScene.swift */; };
		6B0000000000000000000004 /* GameState.swift in Sources */ = {isa = PBXBuildFile; fileRef = 5B0000000000000000000004 /* GameState.swift */; };
		6B0000000000000000000005 /* City.swift in Sources */ = {isa = PBXBuildFile; fileRef = 5B0000000000000000000005 /* City.swift */; };
		6B0000000000000000000006 /* Entities.swift in Sources */ = {isa = PBXBuildFile; fileRef = 5B0000000000000000000006 /* Entities.swift */; };
		6B0000000000000000000007 /* Missions.swift in Sources */ = {isa = PBXBuildFile; fileRef = 5B0000000000000000000007 /* Missions.swift */; };
		6B0000000000000000000008 /* Joystick.swift in Sources */ = {isa = PBXBuildFile; fileRef = 5B0000000000000000000008 /* Joystick.swift */; };
		6B0000000000000000000009 /* Assets.xcassets in Resources */ = {isa = PBXBuildFile; fileRef = 5B0000000000000000000009 /* Assets.xcassets */; };
		6B000000000000000000000A /* SoundEngine.swift in Sources */ = {isa = PBXBuildFile; fileRef = 5B000000000000000000000A /* SoundEngine.swift */; };
/* End PBXBuildFile section */

/* Begin PBXFileReference section */
		5B0000000000000000000001 /* ViceSixApp.swift */ = {isa = PBXFileReference; lastKnownFileType = sourcecode.swift; path = ViceSixApp.swift; sourceTree = "<group>"; };
		5B0000000000000000000002 /* ContentView.swift */ = {isa = PBXFileReference; lastKnownFileType = sourcecode.swift; path = ContentView.swift; sourceTree = "<group>"; };
		5B0000000000000000000003 /* GameScene.swift */ = {isa = PBXFileReference; lastKnownFileType = sourcecode.swift; path = GameScene.swift; sourceTree = "<group>"; };
		5B0000000000000000000004 /* GameState.swift */ = {isa = PBXFileReference; lastKnownFileType = sourcecode.swift; path = GameState.swift; sourceTree = "<group>"; };
		5B0000000000000000000005 /* City.swift */ = {isa = PBXFileReference; lastKnownFileType = sourcecode.swift; path = City.swift; sourceTree = "<group>"; };
		5B0000000000000000000006 /* Entities.swift */ = {isa = PBXFileReference; lastKnownFileType = sourcecode.swift; path = Entities.swift; sourceTree = "<group>"; };
		5B0000000000000000000007 /* Missions.swift */ = {isa = PBXFileReference; lastKnownFileType = sourcecode.swift; path = Missions.swift; sourceTree = "<group>"; };
		5B0000000000000000000008 /* Joystick.swift */ = {isa = PBXFileReference; lastKnownFileType = sourcecode.swift; path = Joystick.swift; sourceTree = "<group>"; };
		5B0000000000000000000009 /* Assets.xcassets */ = {isa = PBXFileReference; lastKnownFileType = folder.assetcatalog; path = Assets.xcassets; sourceTree = "<group>"; };
		5B000000000000000000000A /* SoundEngine.swift */ = {isa = PBXFileReference; lastKnownFileType = sourcecode.swift; path = SoundEngine.swift; sourceTree = "<group>"; };
		4B000000000000000000000F /* ViceSix.app */ = {isa = PBXFileReference; explicitFileType = wrapper.application; includeInIndex = 0; path = ViceSix.app; sourceTree = BUILT_PRODUCTS_DIR; };
/* End PBXFileReference section */

/* Begin PBXFrameworksBuildPhase section */
		4B0000000000000000000007 /* Frameworks */ = {
			isa = PBXFrameworksBuildPhase;
			buildActionMask = 2147483647;
			files = (
			);
			runOnlyForDeploymentPostprocessing = 0;
		};
/* End PBXFrameworksBuildPhase section */

/* Begin PBXGroup section */
		4B0000000000000000000003 = {
			isa = PBXGroup;
			children = (
				4B0000000000000000000004 /* ViceSix */,
				4B0000000000000000000005 /* Products */,
			);
			sourceTree = "<group>";
		};
		4B0000000000000000000004 /* ViceSix */ = {
			isa = PBXGroup;
			children = (
				5B0000000000000000000001 /* ViceSixApp.swift */,
				5B0000000000000000000002 /* ContentView.swift */,
				5B0000000000000000000003 /* GameScene.swift */,
				5B0000000000000000000004 /* GameState.swift */,
				5B0000000000000000000005 /* City.swift */,
				5B0000000000000000000006 /* Entities.swift */,
				5B0000000000000000000007 /* Missions.swift */,
				5B0000000000000000000008 /* Joystick.swift */,
				5B000000000000000000000A /* SoundEngine.swift */,
				5B0000000000000000000009 /* Assets.xcassets */,
			);
			path = ViceSix;
			sourceTree = "<group>";
		};
		4B0000000000000000000005 /* Products */ = {
			isa = PBXGroup;
			children = (
				4B000000000000000000000F /* ViceSix.app */,
			);
			name = Products;
			sourceTree = "<group>";
		};
/* End PBXGroup section */

/* Begin PBXNativeTarget section */
		4B0000000000000000000002 /* ViceSix */ = {
			isa = PBXNativeTarget;
			buildConfigurationList = 4B000000000000000000000A /* Build configuration list for PBXNativeTarget "ViceSix" */;
			buildPhases = (
				4B0000000000000000000006 /* Sources */,
				4B0000000000000000000007 /* Frameworks */,
				4B0000000000000000000008 /* Resources */,
			);
			buildRules = (
			);
			dependencies = (
			);
			name = ViceSix;
			productName = ViceSix;
			productReference = 4B000000000000000000000F /* ViceSix.app */;
			productType = "com.apple.product-type.application";
		};
/* End PBXNativeTarget section */

/* Begin PBXProject section */
		4B0000000000000000000001 /* Project object */ = {
			isa = PBXProject;
			attributes = {
				BuildIndependentTargetsInParallel = 1;
				LastSwiftUpdateCheck = 1500;
				LastUpgradeCheck = 1500;
				TargetAttributes = {
					4B0000000000000000000002 = {
						CreatedOnToolsVersion = 15.0;
					};
				};
			};
			buildConfigurationList = 4B0000000000000000000009 /* Build configuration list for PBXProject "ViceSix" */;
			compatibilityVersion = "Xcode 14.0";
			developmentRegion = en;
			hasScannedForEncodings = 0;
			knownRegions = (
				en,
				Base,
			);
			mainGroup = 4B0000000000000000000003;
			productRefGroup = 4B0000000000000000000005 /* Products */;
			projectDirPath = "";
			projectRoot = "";
			targets = (
				4B0000000000000000000002 /* ViceSix */,
			);
		};
/* End PBXProject section */

/* Begin PBXResourcesBuildPhase section */
		4B0000000000000000000008 /* Resources */ = {
			isa = PBXResourcesBuildPhase;
			buildActionMask = 2147483647;
			files = (
				6B0000000000000000000009 /* Assets.xcassets in Resources */,
			);
			runOnlyForDeploymentPostprocessing = 0;
		};
/* End PBXResourcesBuildPhase section */

/* Begin PBXSourcesBuildPhase section */
		4B0000000000000000000006 /* Sources */ = {
			isa = PBXSourcesBuildPhase;
			buildActionMask = 2147483647;
			files = (
				6B0000000000000000000003 /* GameScene.swift in Sources */,
				6B0000000000000000000004 /* GameState.swift in Sources */,
				6B0000000000000000000005 /* City.swift in Sources */,
				6B0000000000000000000006 /* Entities.swift in Sources */,
				6B0000000000000000000007 /* Missions.swift in Sources */,
				6B0000000000000000000008 /* Joystick.swift in Sources */,
				6B000000000000000000000A /* SoundEngine.swift in Sources */,
				6B0000000000000000000002 /* ContentView.swift in Sources */,
				6B0000000000000000000001 /* ViceSixApp.swift in Sources */,
			);
			runOnlyForDeploymentPostprocessing = 0;
		};
/* End PBXSourcesBuildPhase section */

/* Begin XCBuildConfiguration section */
		4B000000000000000000000B /* Debug */ = {
			isa = XCBuildConfiguration;
			buildSettings = {
				ALWAYS_SEARCH_USER_PATHS = NO;
				CLANG_ANALYZER_NONNULL = YES;
				CLANG_ENABLE_MODULES = YES;
				CLANG_ENABLE_OBJC_ARC = YES;
				CLANG_WARN_BLOCK_CAPTURE_AUTORELEASING = YES;
				CLANG_WARN_BOOL_CONVERSION = YES;
				CLANG_WARN_DOCUMENTATION_COMMENTS = YES;
				CLANG_WARN_UNGUARDED_AVAILABILITY = YES_AGGRESSIVE;
				COPY_PHASE_STRIP = NO;
				DEBUG_INFORMATION_FORMAT = dwarf;
				ENABLE_STRICT_OBJC_MSGSEND = YES;
				ENABLE_TESTABILITY = YES;
				GCC_C_LANGUAGE_STANDARD = gnu17;
				GCC_DYNAMIC_NO_PIC = NO;
				GCC_NO_COMMON_BLOCKS = YES;
				GCC_OPTIMIZATION_LEVEL = 0;
				GCC_PREPROCESSOR_DEFINITIONS = (
					"DEBUG=1",
					"$(inherited)",
				);
				IPHONEOS_DEPLOYMENT_TARGET = 16.0;
				MTL_ENABLE_DEBUG_INFO = INCLUDE_SOURCE;
				MTL_FAST_MATH = YES;
				ONLY_ACTIVE_ARCH = YES;
				SDKROOT = iphoneos;
				SWIFT_ACTIVE_COMPILATION_CONDITIONS = DEBUG;
				SWIFT_OPTIMIZATION_LEVEL = "-Onone";
			};
			name = Debug;
		};
		4B000000000000000000000C /* Release */ = {
			isa = XCBuildConfiguration;
			buildSettings = {
				ALWAYS_SEARCH_USER_PATHS = NO;
				CLANG_ANALYZER_NONNULL = YES;
				CLANG_ENABLE_MODULES = YES;
				CLANG_ENABLE_OBJC_ARC = YES;
				CLANG_WARN_BOOL_CONVERSION = YES;
				CLANG_WARN_DOCUMENTATION_COMMENTS = YES;
				CLANG_WARN_UNGUARDED_AVAILABILITY = YES_AGGRESSIVE;
				COPY_PHASE_STRIP = NO;
				DEBUG_INFORMATION_FORMAT = "dwarf-with-dsym";
				ENABLE_NS_ASSERTIONS = NO;
				ENABLE_STRICT_OBJC_MSGSEND = YES;
				GCC_C_LANGUAGE_STANDARD = gnu17;
				GCC_NO_COMMON_BLOCKS = YES;
				IPHONEOS_DEPLOYMENT_TARGET = 16.0;
				MTL_ENABLE_DEBUG_INFO = NO;
				MTL_FAST_MATH = YES;
				SDKROOT = iphoneos;
				SWIFT_COMPILATION_MODE = wholemodule;
				SWIFT_OPTIMIZATION_LEVEL = "-O";
				VALIDATE_PRODUCT = YES;
			};
			name = Release;
		};
		4B000000000000000000000D /* Debug */ = {
			isa = XCBuildConfiguration;
			buildSettings = {
				ASSETCATALOG_COMPILER_APPICON_NAME = AppIcon;
				ASSETCATALOG_COMPILER_GLOBAL_ACCENT_COLOR_NAME = AccentColor;
				CODE_SIGN_STYLE = Automatic;
				CURRENT_PROJECT_VERSION = 1;
				DEVELOPMENT_TEAM = "";
				ENABLE_PREVIEWS = YES;
				GENERATE_INFOPLIST_FILE = YES;
				INFOPLIST_KEY_CFBundleDisplayName = "Vice Six";
				INFOPLIST_KEY_UILaunchScreen_Generation = YES;
				INFOPLIST_KEY_UIStatusBarHidden = YES;
				INFOPLIST_KEY_UISupportedInterfaceOrientations = "UIInterfaceOrientationLandscapeLeft UIInterfaceOrientationLandscapeRight";
				INFOPLIST_KEY_UISupportedInterfaceOrientations_iPad = "UIInterfaceOrientationLandscapeLeft UIInterfaceOrientationLandscapeRight";
				LD_RUNPATH_SEARCH_PATHS = (
					"$(inherited)",
					"@executable_path/Frameworks",
				);
				MARKETING_VERSION = 1.0;
				PRODUCT_BUNDLE_IDENTIFIER = com.example.ViceSix;
				PRODUCT_NAME = "$(TARGET_NAME)";
				SWIFT_EMIT_LOC_STRINGS = YES;
				SWIFT_VERSION = 5.0;
				TARGETED_DEVICE_FAMILY = "1,2";
			};
			name = Debug;
		};
		4B000000000000000000000E /* Release */ = {
			isa = XCBuildConfiguration;
			buildSettings = {
				ASSETCATALOG_COMPILER_APPICON_NAME = AppIcon;
				ASSETCATALOG_COMPILER_GLOBAL_ACCENT_COLOR_NAME = AccentColor;
				CODE_SIGN_STYLE = Automatic;
				CURRENT_PROJECT_VERSION = 1;
				DEVELOPMENT_TEAM = "";
				ENABLE_PREVIEWS = YES;
				GENERATE_INFOPLIST_FILE = YES;
				INFOPLIST_KEY_CFBundleDisplayName = "Vice Six";
				INFOPLIST_KEY_UILaunchScreen_Generation = YES;
				INFOPLIST_KEY_UIStatusBarHidden = YES;
				INFOPLIST_KEY_UISupportedInterfaceOrientations = "UIInterfaceOrientationLandscapeLeft UIInterfaceOrientationLandscapeRight";
				INFOPLIST_KEY_UISupportedInterfaceOrientations_iPad = "UIInterfaceOrientationLandscapeLeft UIInterfaceOrientationLandscapeRight";
				LD_RUNPATH_SEARCH_PATHS = (
					"$(inherited)",
					"@executable_path/Frameworks",
				);
				MARKETING_VERSION = 1.0;
				PRODUCT_BUNDLE_IDENTIFIER = com.example.ViceSix;
				PRODUCT_NAME = "$(TARGET_NAME)";
				SWIFT_EMIT_LOC_STRINGS = YES;
				SWIFT_VERSION = 5.0;
				TARGETED_DEVICE_FAMILY = "1,2";
			};
			name = Release;
		};
/* End XCBuildConfiguration section */

/* Begin XCConfigurationList section */
		4B0000000000000000000009 /* Build configuration list for PBXProject "ViceSix" */ = {
			isa = XCConfigurationList;
			buildConfigurations = (
				4B000000000000000000000B /* Debug */,
				4B000000000000000000000C /* Release */,
			);
			defaultConfigurationIsVisible = 0;
			defaultConfigurationName = Release;
		};
		4B000000000000000000000A /* Build configuration list for PBXNativeTarget "ViceSix" */ = {
			isa = XCConfigurationList;
			buildConfigurations = (
				4B000000000000000000000D /* Debug */,
				4B000000000000000000000E /* Release */,
			);
			defaultConfigurationIsVisible = 0;
			defaultConfigurationName = Release;
		};
/* End XCConfigurationList section */
	};
	rootObject = 4B0000000000000000000001 /* Project object */;
}
