// !$*UTF8*$!
{
	archiveVersion = 1;
	classes = {
	};
	objectVersion = 56;
	objects = {

/* Begin PBXBuildFile section */
		7D0000000000000000000001 /* BrawlArenaApp.swift in Sources */ = {isa = PBXBuildFile; fileRef = 7C0000000000000000000001 /* BrawlArenaApp.swift */; };
		7D0000000000000000000002 /* ContentView.swift in Sources */ = {isa = PBXBuildFile; fileRef = 7C0000000000000000000002 /* ContentView.swift */; };
		7D0000000000000000000003 /* Assets.xcassets in Resources */ = {isa = PBXBuildFile; fileRef = 7C0000000000000000000003 /* Assets.xcassets */; };
		7D0000000000000000000004 /* index.html in Resources */ = {isa = PBXBuildFile; fileRef = 7C0000000000000000000004 /* index.html */; };
		7D0000000000000000000005 /* three.min.js in Resources */ = {isa = PBXBuildFile; fileRef = 7C0000000000000000000005 /* three.min.js */; };
		7D0000000000000000000006 /* supabase.js in Resources */ = {isa = PBXBuildFile; fileRef = 7C0000000000000000000006 /* supabase.js */; };
/* End PBXBuildFile section */

/* Begin PBXFileReference section */
		7C0000000000000000000001 /* BrawlArenaApp.swift */ = {isa = PBXFileReference; lastKnownFileType = sourcecode.swift; path = BrawlArenaApp.swift; sourceTree = "<group>"; };
		7C0000000000000000000002 /* ContentView.swift */ = {isa = PBXFileReference; lastKnownFileType = sourcecode.swift; path = ContentView.swift; sourceTree = "<group>"; };
		7C0000000000000000000003 /* Assets.xcassets */ = {isa = PBXFileReference; lastKnownFileType = folder.assetcatalog; path = Assets.xcassets; sourceTree = "<group>"; };
		7C0000000000000000000004 /* index.html */ = {isa = PBXFileReference; lastKnownFileType = text.html; name = index.html; path = "../BrawlArena/app/src/main/assets/index.html"; sourceTree = "<group>"; };
		7C0000000000000000000005 /* three.min.js */ = {isa = PBXFileReference; lastKnownFileType = sourcecode.javascript; name = three.min.js; path = "../BrawlArena/app/src/main/assets/three.min.js"; sourceTree = "<group>"; };
		7C0000000000000000000006 /* supabase.js */ = {isa = PBXFileReference; lastKnownFileType = sourcecode.javascript; name = supabase.js; path = "../BrawlArena/app/src/main/assets/supabase.js"; sourceTree = "<group>"; };
		7B000000000000000000000F /* BrawlArena.app */ = {isa = PBXFileReference; explicitFileType = wrapper.application; includeInIndex = 0; path = BrawlArena.app; sourceTree = BUILT_PRODUCTS_DIR; };
/* End PBXFileReference section */

/* Begin PBXFrameworksBuildPhase section */
		7B0000000000000000000007 /* Frameworks */ = {
			isa = PBXFrameworksBuildPhase;
			buildActionMask = 2147483647;
			files = (
			);
			runOnlyForDeploymentPostprocessing = 0;
		};
/* End PBXFrameworksBuildPhase section */

/* Begin PBXGroup section */
		7B0000000000000000000003 = {
			isa = PBXGroup;
			children = (
				7B0000000000000000000004 /* BrawlArena */,
				7C0000000000000000000004 /* index.html */,
				7C0000000000000000000005 /* three.min.js */,
				7C0000000000000000000006 /* supabase.js */,
				7B0000000000000000000005 /* Products */,
			);
			sourceTree = "<group>";
		};
		7B0000000000000000000004 /* BrawlArena */ = {
			isa = PBXGroup;
			children = (
				7C0000000000000000000001 /* BrawlArenaApp.swift */,
				7C0000000000000000000002 /* ContentView.swift */,
				7C0000000000000000000003 /* Assets.xcassets */,
			);
			path = BrawlArena;
			sourceTree = "<group>";
		};
		7B0000000000000000000005 /* Products */ = {
			isa = PBXGroup;
			children = (
				7B000000000000000000000F /* BrawlArena.app */,
			);
			name = Products;
			sourceTree = "<group>";
		};
/* End PBXGroup section */

/* Begin PBXNativeTarget section */
		7B0000000000000000000002 /* BrawlArena */ = {
			isa = PBXNativeTarget;
			buildConfigurationList = 7B000000000000000000000A /* Build configuration list for PBXNativeTarget "BrawlArena" */;
			buildPhases = (
				7B0000000000000000000006 /* Sources */,
				7B0000000000000000000007 /* Frameworks */,
				7B0000000000000000000008 /* Resources */,
			);
			buildRules = (
			);
			dependencies = (
			);
			name = BrawlArena;
			productName = BrawlArena;
			productReference = 7B000000000000000000000F /* BrawlArena.app */;
			productType = "com.apple.product-type.application";
		};
/* End PBXNativeTarget section */

/* Begin PBXProject section */
		7B0000000000000000000001 /* Project object */ = {
			isa = PBXProject;
			attributes = {
				BuildIndependentTargetsInParallel = 1;
				LastSwiftUpdateCheck = 1500;
				LastUpgradeCheck = 1500;
				TargetAttributes = {
					7B0000000000000000000002 = {
						CreatedOnToolsVersion = 15.0;
					};
				};
			};
			buildConfigurationList = 7B0000000000000000000009 /* Build configuration list for PBXProject "BrawlArena" */;
			compatibilityVersion = "Xcode 14.0";
			developmentRegion = en;
			hasScannedForEncodings = 0;
			knownRegions = (
				en,
				Base,
			);
			mainGroup = 7B0000000000000000000003;
			productRefGroup = 7B0000000000000000000005 /* Products */;
			projectDirPath = "";
			projectRoot = "";
			targets = (
				7B0000000000000000000002 /* BrawlArena */,
			);
		};
/* End PBXProject section */

/* Begin PBXResourcesBuildPhase section */
		7B0000000000000000000008 /* Resources */ = {
			isa = PBXResourcesBuildPhase;
			buildActionMask = 2147483647;
			files = (
				7D0000000000000000000003 /* Assets.xcassets in Resources */,
				7D0000000000000000000004 /* index.html in Resources */,
				7D0000000000000000000005 /* three.min.js in Resources */,
				7D0000000000000000000006 /* supabase.js in Resources */,
			);
			runOnlyForDeploymentPostprocessing = 0;
		};
/* End PBXResourcesBuildPhase section */

/* Begin PBXSourcesBuildPhase section */
		7B0000000000000000000006 /* Sources */ = {
			isa = PBXSourcesBuildPhase;
			buildActionMask = 2147483647;
			files = (
				7D0000000000000000000002 /* ContentView.swift in Sources */,
				7D0000000000000000000001 /* BrawlArenaApp.swift in Sources */,
			);
			runOnlyForDeploymentPostprocessing = 0;
		};
/* End PBXSourcesBuildPhase section */

/* Begin XCBuildConfiguration section */
		7B000000000000000000000B /* Debug */ = {
			isa = XCBuildConfiguration;
			buildSettings = {
				ALWAYS_SEARCH_USER_PATHS = NO;
				CLANG_ANALYZER_NONNULL = YES;
				CLANG_ENABLE_MODULES = YES;
				CLANG_ENABLE_OBJC_ARC = YES;
				CLANG_WARN_BOOL_CONVERSION = YES;
				CLANG_WARN_DOCUMENTATION_COMMENTS = YES;
				CLANG_WARN_UNGUARDED_AVAILABILITY = YES_AGGRESSIVE;
				COPY_PHASE_STRIP = NO;
				DEBUG_INFORMATION_FORMAT = dwarf;
				ENABLE_STRICT_OBJC_MSGSEND = YES;
				ENABLE_TESTABILITY = YES;
				GCC_C_LANGUAGE_STANDARD = gnu17;
				GCC_DYNAMIC_NO_PIC = NO;
				GCC_NO_COMMON_BLOCKS = YES;
				GCC_OPTIMIZATION_LEVEL = 0;
				GCC_PREPROCESSOR_DEFINITIONS = (
					"DEBUG=1",
					"$(inherited)",
				);
				IPHONEOS_DEPLOYMENT_TARGET = 16.0;
				MTL_ENABLE_DEBUG_INFO = INCLUDE_SOURCE;
				MTL_FAST_MATH = YES;
				ONLY_ACTIVE_ARCH = YES;
				SDKROOT = iphoneos;
				SWIFT_ACTIVE_COMPILATION_CONDITIONS = DEBUG;
				SWIFT_OPTIMIZATION_LEVEL = "-Onone";
			};
			name = Debug;
		};
		7B000000000000000000000C /* Release */ = {
			isa = XCBuildConfiguration;
			buildSettings = {
				ALWAYS_SEARCH_USER_PATHS = NO;
				CLANG_ANALYZER_NONNULL = YES;
				CLANG_ENABLE_MODULES = YES;
				CLANG_ENABLE_OBJC_ARC = YES;
				CLANG_WARN_BOOL_CONVERSION = YES;
				CLANG_WARN_DOCUMENTATION_COMMENTS = YES;
				CLANG_WARN_UNGUARDED_AVAILABILITY = YES_AGGRESSIVE;
				COPY_PHASE_STRIP = NO;
				DEBUG_INFORMATION_FORMAT = "dwarf-with-dsym";
				ENABLE_NS_ASSERTIONS = NO;
				ENABLE_STRICT_OBJC_MSGSEND = YES;
				GCC_C_LANGUAGE_STANDARD = gnu17;
				GCC_NO_COMMON_BLOCKS = YES;
				IPHONEOS_DEPLOYMENT_TARGET = 16.0;
				MTL_ENABLE_DEBUG_INFO = NO;
				MTL_FAST_MATH = YES;
				SDKROOT = iphoneos;
				SWIFT_COMPILATION_MODE = wholemodule;
				SWIFT_OPTIMIZATION_LEVEL = "-O";
				VALIDATE_PRODUCT = YES;
			};
			name = Release;
		};
		7B000000000000000000000D /* Debug */ = {
			isa = XCBuildConfiguration;
			buildSettings = {
				ASSETCATALOG_COMPILER_APPICON_NAME = AppIcon;
				ASSETCATALOG_COMPILER_GLOBAL_ACCENT_COLOR_NAME = AccentColor;
				CODE_SIGN_STYLE = Automatic;
				CURRENT_PROJECT_VERSION = 1;
				DEVELOPMENT_TEAM = "";
				ENABLE_PREVIEWS = YES;
				GENERATE_INFOPLIST_FILE = YES;
				INFOPLIST_KEY_CFBundleDisplayName = "Brawl Arena";
				INFOPLIST_KEY_UILaunchScreen_Generation = YES;
				INFOPLIST_KEY_UIStatusBarHidden = YES;
				INFOPLIST_KEY_UISupportedInterfaceOrientations = "UIInterfaceOrientationLandscapeLeft UIInterfaceOrientationLandscapeRight";
				LD_RUNPATH_SEARCH_PATHS = (
					"$(inherited)",
					"@executable_path/Frameworks",
				);
				MARKETING_VERSION = 1.0;
				PRODUCT_BUNDLE_IDENTIFIER = com.brawl.arena;
				PRODUCT_NAME = "$(TARGET_NAME)";
				SWIFT_EMIT_LOC_STRINGS = YES;
				SWIFT_VERSION = 5.0;
				TARGETED_DEVICE_FAMILY = "1,2";
			};
			name = Debug;
		};
		7B000000000000000000000E /* Release */ = {
			isa = XCBuildConfiguration;
			buildSettings = {
				ASSETCATALOG_COMPILER_APPICON_NAME = AppIcon;
				ASSETCATALOG_COMPILER_GLOBAL_ACCENT_COLOR_NAME = AccentColor;
				CODE_SIGN_STYLE = Automatic;
				CURRENT_PROJECT_VERSION = 1;
				DEVELOPMENT_TEAM = "";
				ENABLE_PREVIEWS = YES;
				GENERATE_INFOPLIST_FILE = YES;
				INFOPLIST_KEY_CFBundleDisplayName = "Brawl Arena";
				INFOPLIST_KEY_UILaunchScreen_Generation = YES;
				INFOPLIST_KEY_UIStatusBarHidden = YES;
				INFOPLIST_KEY_UISupportedInterfaceOrientations = "UIInterfaceOrientationLandscapeLeft UIInterfaceOrientationLandscapeRight";
				LD_RUNPATH_SEARCH_PATHS = (
					"$(inherited)",
					"@executable_path/Frameworks",
				);
				MARKETING_VERSION = 1.0;
				PRODUCT_BUNDLE_IDENTIFIER = com.brawl.arena;
				PRODUCT_NAME = "$(TARGET_NAME)";
				SWIFT_EMIT_LOC_STRINGS = YES;
				SWIFT_VERSION = 5.0;
				TARGETED_DEVICE_FAMILY = "1,2";
			};
			name = Release;
		};
/* End XCBuildConfiguration section */

/* Begin XCConfigurationList section */
		7B0000000000000000000009 /* Build configuration list for PBXProject "BrawlArena" */ = {
			isa = XCConfigurationList;
			buildConfigurations = (
				7B000000000000000000000B /* Debug */,
				7B000000000000000000000C /* Release */,
			);
			defaultConfigurationIsVisible = 0;
			defaultConfigurationName = Release;
		};
		7B000000000000000000000A /* Build configuration list for PBXNativeTarget "BrawlArena" */ = {
			isa = XCConfigurationList;
			buildConfigurations = (
				7B000000000000000000000D /* Debug */,
				7B000000000000000000000E /* Release */,
			);
			defaultConfigurationIsVisible = 0;
			defaultConfigurationName = Release;
		};
/* End XCConfigurationList section */
	};
	rootObject = 7B0000000000000000000001 /* Project object */;
}
